
Microsoft Visual Studio Solution File, Format Version 12.00
# Visual Studio Version 17
VisualStudioVersion = 17.5.33414.496
MinimumVisualStudioVersion = 10.0.40219.1
Project("{9A19103F-16F7-4668-BE54-9A1E7A4F7556}") = "Impressa.Server", "Server\Impressa.Server.csproj", "{40DAE02D-A45B-4A6B-8D4E-4A3A85E98AFE}"
EndProject
Project("{9A19103F-16F7-4668-BE54-9A1E7A4F7556}") = "Impressa.Client", "Client\Impressa.Client.csproj", "{5BF74413-7A66-4900-87C6-87A74A4A908A}"
EndProject
Project("{9A19103F-16F7-4668-BE54-9A1E7A4F7556}") = "Service", "Service\Service.csproj", "{0F3BD6FD-30C2-4C8D-8E80-91126D043D76}"
EndProject
Project("{9A19103F-16F7-4668-BE54-9A1E7A4F7556}") = "DataAccess", "DataAccess\DataAccess.csproj", "{D4ABD747-D739-4DA5-98F7-D964647DC671}"
EndProject
Project("{9A19103F-16F7-4668-BE54-9A1E7A4F7556}") = "Impressa.Shared", "Impressa.Shared\Impressa.Shared.csproj", "{290994F5-BC69-4479-A1D2-104C13A7AA47}"
EndProject
Global
	GlobalSection(SolutionConfigurationPlatforms) = preSolution
		Debug|Any CPU = Debug|Any CPU
		Release|Any CPU = Release|Any CPU
	EndGlobalSection
	GlobalSection(ProjectConfigurationPlatforms) = postSolution
		{40DAE02D-A45B-4A6B-8D4E-4A3A85E98AFE}.Debug|Any CPU.ActiveCfg = Debug|Any CPU
		{40DAE02D-A45B-4A6B-8D4E-4A3A85E98AFE}.Debug|Any CPU.Build.0 = Debug|Any CPU
		{40DAE02D-A45B-4A6B-8D4E-4A3A85E98AFE}.Release|Any CPU.ActiveCfg = Release|Any CPU
		{40DAE02D-A45B-4A6B-8D4E-4A3A85E98AFE}.Release|Any CPU.Build.0 = Release|Any CPU
		{5BF74413-7A66-4900-87C6-87A74A4A908A}.Debug|Any CPU.ActiveCfg = Debug|Any CPU
		{5BF74413-7A66-4900-87C6-87A74A4A908A}.Debug|Any CPU.Build.0 = Debug|Any CPU
		{5BF74413-7A66-4900-87C6-87A74A4A908A}.Release|Any CPU.ActiveCfg = Release|Any CPU
		{5BF74413-7A66-4900-87C6-87A74A4A908A}.Release|Any CPU.Build.0 = Release|Any CPU
		{0F3BD6FD-30C2-4C8D-8E80-91126D043D76}.Debug|Any CPU.ActiveCfg = Debug|Any CPU
		{0F3BD6FD-30C2-4C8D-8E80-91126D043D76}.Debug|Any CPU.Build.0 = Debug|Any CPU
		{0F3BD6FD-30C2-4C8D-8E80-91126D043D76}.Release|Any CPU.ActiveCfg = Release|Any CPU
		{0F3BD6FD-30C2-4C8D-8E80-91126D043D76}.Release|Any CPU.Build.0 = Release|Any CPU
		{D4ABD747-D739-4DA5-98F7-D964647DC671}.Debug|Any CPU.ActiveCfg = Debug|Any CPU
		{D4ABD747-D739-4DA5-98F7-D964647DC671}.Debug|Any CPU.Build.0 = Debug|Any CPU
		{D4ABD747-D739-4DA5-98F7-D964647DC671}.Release|Any CPU.ActiveCfg = Release|Any CPU
		{D4ABD747-D739-4DA5-98F7-D964647DC671}.Release|Any CPU.Build.0 = Release|Any CPU
		{290994F5-BC69-4479-A1D2-104C13A7AA47}.Debug|Any CPU.ActiveCfg = Debug|Any CPU
		{290994F5-BC69-4479-A1D2-104C13A7AA47}.Debug|Any CPU.Build.0 = Debug|Any CPU
		{290994F5-BC69-4479-A1D2-104C13A7AA47}.Release|Any CPU.ActiveCfg = Release|Any CPU
		{290994F5-BC69-4479-A1D2-104C13A7AA47}.Release|Any CPU.Build.0 = Release|Any CPU
	EndGlobalSection
	GlobalSection(SolutionProperties) = preSolution
		HideSolutionNode = FALSE
	EndGlobalSection
	GlobalSection(ExtensibilityGlobals) = postSolution
		SolutionGuid = {91BC01FB-7AE4-4730-86A3-3BEEC36E9AF0}
	EndGlobalSection
EndGlobal
